
Microsoft Visual Studio Solution File, Format Version 12.00
# Visual Studio 15
VisualStudioVersion = 15.0.27428.2037
MinimumVisualStudioVersion = 10.0.40219.1
Project("{FAE04EC0-301F-11D3-BF4B-00C04F79EFBC}") = "console-chess", "console-chess\console-chess.csproj", "{4081E7B2-9BA3-460B-B19E-6E5323AAAB89}"
EndProject
Project("{2150E333-8FDC-42A3-9474-1A3956D46DE8}") = "0.Application", "0.Application", "{B6508655-0D97-475A-A70A-CA5952C5F1C0}"
EndProject
Project("{2150E333-8FDC-42A3-9474-1A3956D46DE8}") = "1.Domain", "1.Domain", "{B0F17D35-557A-4DD4-9246-A4BDDAAD06EB}"
EndProject
Project("{FAE04EC0-301F-11D3-BF4B-00C04F79EFBC}") = "Domain", "Domain\Domain.csproj", "{48BD1DDE-5E27-4B7D-AB4D-9515455FF143}"
EndProject
Global
	GlobalSection(SolutionConfigurationPlatforms) = preSolution
		Debug|Any CPU = Debug|Any CPU
		Release|Any CPU = Release|Any CPU
	EndGlobalSection
	GlobalSection(ProjectConfigurationPlatforms) = postSolution
		{4081E7B2-9BA3-460B-B19E-6E5323AAAB89}.Debug|Any CPU.ActiveCfg = Debug|Any CPU
		{4081E7B2-9BA3-460B-B19E-6E5323AAAB89}.Debug|Any CPU.Build.0 = Debug|Any CPU
		{4081E7B2-9BA3-460B-B19E-6E5323AAAB89}.Release|Any CPU.ActiveCfg = Release|Any CPU
		{4081E7B2-9BA3-460B-B19E-6E5323AAAB89}.Release|Any CPU.Build.0 = Release|Any CPU
		{48BD1DDE-5E27-4B7D-AB4D-9515455FF143}.Debug|Any CPU.ActiveCfg = Debug|Any CPU
		{48BD1DDE-5E27-4B7D-AB4D-9515455FF143}.Debug|Any CPU.Build.0 = Debug|Any CPU
		{48BD1DDE-5E27-4B7D-AB4D-9515455FF143}.Release|Any CPU.ActiveCfg = Release|Any CPU
		{48BD1DDE-5E27-4B7D-AB4D-9515455FF143}.Release|Any CPU.Build.0 = Release|Any CPU
	EndGlobalSection
	GlobalSection(SolutionProperties) = preSolution
		HideSolutionNode = FALSE
	EndGlobalSection
	GlobalSection(NestedProjects) = preSolution
		{4081E7B2-9BA3-460B-B19E-6E5323AAAB89} = {B6508655-0D97-475A-A70A-CA5952C5F1C0}
		{48BD1DDE-5E27-4B7D-AB4D-9515455FF143} = {B0F17D35-557A-4DD4-9246-A4BDDAAD06EB}
	EndGlobalSection
	GlobalSection(ExtensibilityGlobals) = postSolution
		SolutionGuid = {7A814F2F-B1CE-499E-96D6-5F3B1CF50AB6}
	EndGlobalSection
EndGlobal
